
Microsoft Visual Studio Solution File, Format Version 12.00
# Visual Studio Version 17
VisualStudioVersion = 17.5.33627.172
MinimumVisualStudioVersion = 10.0.40219.1
Project("{9A19103F-16F7-4668-BE54-9A1E7A4F7556}") = "Sheenam.Api", "Sheenam.Api\Sheenam.Api.csproj", "{13203F9F-0704-4333-A4B8-E449378F959B}"
EndProject
Project("{9A19103F-16F7-4668-BE54-9A1E7A4F7556}") = "Sheenam.Api.Tests.Unit", "Sheenam.Api.Tests.Unit\Sheenam.Api.Tests.Unit.csproj", "{CA2D7F37-75EA-4677-867F-9A1430C477C1}"
EndProject
Project("{9A19103F-16F7-4668-BE54-9A1E7A4F7556}") = "Sheenam.Api.Infrastructure.Build", "Sheenam.Api.Infrastructure.Build\Sheenam.Api.Infrastructure.Build.csproj", "{016E3571-9BAB-4448-93A9-DD3F2534D6BE}"
EndProject
Global
	GlobalSection(SolutionConfigurationPlatforms) = preSolution
		Debug|Any CPU = Debug|Any CPU
		Release|Any CPU = Release|Any CPU
	EndGlobalSection
	GlobalSection(ProjectConfigurationPlatforms) = postSolution
		{13203F9F-0704-4333-A4B8-E449378F959B}.Debug|Any CPU.ActiveCfg = Debug|Any CPU
		{13203F9F-0704-4333-A4B8-E449378F959B}.Debug|Any CPU.Build.0 = Debug|Any CPU
		{13203F9F-0704-4333-A4B8-E449378F959B}.Release|Any CPU.ActiveCfg = Release|Any CPU
		{13203F9F-0704-4333-A4B8-E449378F959B}.Release|Any CPU.Build.0 = Release|Any CPU
		{CA2D7F37-75EA-4677-867F-9A1430C477C1}.Debug|Any CPU.ActiveCfg = Debug|Any CPU
		{CA2D7F37-75EA-4677-867F-9A1430C477C1}.Debug|Any CPU.Build.0 = Debug|Any CPU
		{CA2D7F37-75EA-4677-867F-9A1430C477C1}.Release|Any CPU.ActiveCfg = Release|Any CPU
		{CA2D7F37-75EA-4677-867F-9A1430C477C1}.Release|Any CPU.Build.0 = Release|Any CPU
		{016E3571-9BAB-4448-93A9-DD3F2534D6BE}.Debug|Any CPU.ActiveCfg = Debug|Any CPU
		{016E3571-9BAB-4448-93A9-DD3F2534D6BE}.Debug|Any CPU.Build.0 = Debug|Any CPU
		{016E3571-9BAB-4448-93A9-DD3F2534D6BE}.Release|Any CPU.ActiveCfg = Release|Any CPU
		{016E3571-9BAB-4448-93A9-DD3F2534D6BE}.Release|Any CPU.Build.0 = Release|Any CPU
	EndGlobalSection
	GlobalSection(SolutionProperties) = preSolution
		HideSolutionNode = FALSE
	EndGlobalSection
	GlobalSection(ExtensibilityGlobals) = postSolution
		SolutionGuid = {CC0483E9-90F1-405A-99F3-3ED356AD1D48}
	EndGlobalSection
EndGlobal
